
Microsoft Visual Studio Solution File, Format Version 12.00
# Visual Studio 15
VisualStudioVersion = 15.0.27703.2000
MinimumVisualStudioVersion = 10.0.40219.1
Project("{FAE04EC0-301F-11D3-BF4B-00C04F79EFBC}") = "MyFirstLineChat", "MyFirstLineChat\MyFirstLineChat.csproj", "{67213842-61E7-4004-994E-E90FC272E3DF}"
EndProject
Global
	GlobalSection(SolutionConfigurationPlatforms) = preSolution
		Debug|Any CPU = Debug|Any CPU
		Release|Any CPU = Release|Any CPU
	EndGlobalSection
	GlobalSection(ProjectConfigurationPlatforms) = postSolution
		{67213842-61E7-4004-994E-E90FC272E3DF}.Debug|Any CPU.ActiveCfg = Debug|Any CPU
		{67213842-61E7-4004-994E-E90FC272E3DF}.Debug|Any CPU.Build.0 = Debug|Any CPU
		{67213842-61E7-4004-994E-E90FC272E3DF}.Release|Any CPU.ActiveCfg = Release|Any CPU
		{67213842-61E7-4004-994E-E90FC272E3DF}.Release|Any CPU.Build.0 = Release|Any CPU
	EndGlobalSection
	GlobalSection(SolutionProperties) = preSolution
		HideSolutionNode = FALSE
	EndGlobalSection
	GlobalSection(ExtensibilityGlobals) = postSolution
		SolutionGuid = {B991EC74-689E-4EDC-8EE0-166CB527108B}
	EndGlobalSection
EndGlobal
