
Microsoft Visual Studio Solution File, Format Version 12.00
# Visual Studio 15
VisualStudioVersion = 15.0.27703.2000
MinimumVisualStudioVersion = 10.0.40219.1
Project("{FAE04EC0-301F-11D3-BF4B-00C04F79EFBC}") = "AutoLineChat", "AutoLineChat\AutoLineChat.csproj", "{DD3777F3-BC38-4F0C-AFDA-CB3DACAE8F03}"
EndProject
Project("{FAE04EC0-301F-11D3-BF4B-00C04F79EFBC}") = "MyWebook", "MyWebook\MyWebook.csproj", "{74898D24-FDDC-40A0-BC54-EE4FA2E10161}"
EndProject
Global
	GlobalSection(SolutionConfigurationPlatforms) = preSolution
		Debug|Any CPU = Debug|Any CPU
		Release|Any CPU = Release|Any CPU
	EndGlobalSection
	GlobalSection(ProjectConfigurationPlatforms) = postSolution
		{DD3777F3-BC38-4F0C-AFDA-CB3DACAE8F03}.Debug|Any CPU.ActiveCfg = Debug|Any CPU
		{DD3777F3-BC38-4F0C-AFDA-CB3DACAE8F03}.Debug|Any CPU.Build.0 = Debug|Any CPU
		{DD3777F3-BC38-4F0C-AFDA-CB3DACAE8F03}.Release|Any CPU.ActiveCfg = Release|Any CPU
		{DD3777F3-BC38-4F0C-AFDA-CB3DACAE8F03}.Release|Any CPU.Build.0 = Release|Any CPU
		{74898D24-FDDC-40A0-BC54-EE4FA2E10161}.Debug|Any CPU.ActiveCfg = Debug|Any CPU
		{74898D24-FDDC-40A0-BC54-EE4FA2E10161}.Debug|Any CPU.Build.0 = Debug|Any CPU
		{74898D24-FDDC-40A0-BC54-EE4FA2E10161}.Release|Any CPU.ActiveCfg = Release|Any CPU
		{74898D24-FDDC-40A0-BC54-EE4FA2E10161}.Release|Any CPU.Build.0 = Release|Any CPU
	EndGlobalSection
	GlobalSection(SolutionProperties) = preSolution
		HideSolutionNode = FALSE
	EndGlobalSection
	GlobalSection(ExtensibilityGlobals) = postSolution
		SolutionGuid = {B991EC74-689E-4EDC-8EE0-166CB527108B}
	EndGlobalSection
EndGlobal
